// !$*UTF8*$!
{
	archiveVersion = 1;
	classes = {
	};
	objectVersion = 50;
	objects = {

/* Begin PBXBuildFile section */
		B41401E026256C0600F3B3BB /* MenuBar.swift in Sources */ = {isa = PBXBuildFile; fileRef = B41401DF26256C0600F3B3BB /* MenuBar.swift */; };
		B41401E326256F5900F3B3BB /* BaseCell.swift in Sources */ = {isa = PBXBuildFile; fileRef = B41401E226256F5900F3B3BB /* BaseCell.swift */; };
		B41401E72625726600F3B3BB /* MenuCell.swift in Sources */ = {isa = PBXBuildFile; fileRef = B41401E62625726600F3B3BB /* MenuCell.swift */; };
		B41401EB2625857000F3B3BB /* Video.swift in Sources */ = {isa = PBXBuildFile; fileRef = B41401EA2625857000F3B3BB /* Video.swift */; };
		B41401EE2625861000F3B3BB /* Channel.swift in Sources */ = {isa = PBXBuildFile; fileRef = B41401ED2625861000F3B3BB /* Channel.swift */; };
		B438A75F2620E136001135EA /* README.md in Resources */ = {isa = PBXBuildFile; fileRef = B438A75E2620E136001135EA /* README.md */; };
		B4A5DC942624D2D700D88B93 /* Extensions.swift in Sources */ = {isa = PBXBuildFile; fileRef = B4A5DC932624D2D700D88B93 /* Extensions.swift */; };
		B4E222FA2620CA5900EF707E /* AppDelegate.swift in Sources */ = {isa = PBXBuildFile; fileRef = B4E222F92620CA5900EF707E /* AppDelegate.swift */; };
		B4E222FC2620CA5900EF707E /* SceneDelegate.swift in Sources */ = {isa = PBXBuildFile; fileRef = B4E222FB2620CA5900EF707E /* SceneDelegate.swift */; };
		B4E223032620CA5B00EF707E /* Assets.xcassets in Resources */ = {isa = PBXBuildFile; fileRef = B4E223022620CA5B00EF707E /* Assets.xcassets */; };
		B4E223062620CA5B00EF707E /* LaunchScreen.storyboard in Resources */ = {isa = PBXBuildFile; fileRef = B4E223042620CA5B00EF707E /* LaunchScreen.storyboard */; };
		B4E223122620CC2100EF707E /* HomeController.swift in Sources */ = {isa = PBXBuildFile; fileRef = B4E223112620CC2100EF707E /* HomeController.swift */; };
		B4E223152620CC8500EF707E /* VideoCell.swift in Sources */ = {isa = PBXBuildFile; fileRef = B4E223142620CC8500EF707E /* VideoCell.swift */; };
/* End PBXBuildFile section */

/* Begin PBXFileReference section */
		B41401DF26256C0600F3B3BB /* MenuBar.swift */ = {isa = PBXFileReference; lastKnownFileType = sourcecode.swift; path = MenuBar.swift; sourceTree = "<group>"; };
		B41401E226256F5900F3B3BB /* BaseCell.swift */ = {isa = PBXFileReference; lastKnownFileType = sourcecode.swift; path = BaseCell.swift; sourceTree = "<group>"; };
		B41401E62625726600F3B3BB /* MenuCell.swift */ = {isa = PBXFileReference; lastKnownFileType = sourcecode.swift; path = MenuCell.swift; sourceTree = "<group>"; };
		B41401EA2625857000F3B3BB /* Video.swift */ = {isa = PBXFileReference; lastKnownFileType = sourcecode.swift; path = Video.swift; sourceTree = "<group>"; };
		B41401ED2625861000F3B3BB /* Channel.swift */ = {isa = PBXFileReference; lastKnownFileType = sourcecode.swift; path = Channel.swift; sourceTree = "<group>"; };
		B438A75E2620E136001135EA /* README.md */ = {isa = PBXFileReference; fileEncoding = 4; lastKnownFileType = net.daringfireball.markdown; path = README.md; sourceTree = "<group>"; xcLanguageSpecificationIdentifier = xcode.lang.markdown; };
		B4A5DC932624D2D700D88B93 /* Extensions.swift */ = {isa = PBXFileReference; lastKnownFileType = sourcecode.swift; path = Extensions.swift; sourceTree = "<group>"; };
		B4E222F62620CA5900EF707E /* YouTube.app */ = {isa = PBXFileReference; explicitFileType = wrapper.application; includeInIndex = 0; path = YouTube.app; sourceTree = BUILT_PRODUCTS_DIR; };
		B4E222F92620CA5900EF707E /* AppDelegate.swift */ = {isa = PBXFileReference; lastKnownFileType = sourcecode.swift; path = AppDelegate.swift; sourceTree = "<group>"; };
		B4E222FB2620CA5900EF707E /* SceneDelegate.swift */ = {isa = PBXFileReference; lastKnownFileType = sourcecode.swift; path = SceneDelegate.swift; sourceTree = "<group>"; };
		B4E223022620CA5B00EF707E /* Assets.xcassets */ = {isa = PBXFileReference; lastKnownFileType = folder.assetcatalog; path = Assets.xcassets; sourceTree = "<group>"; };
		B4E223052620CA5B00EF707E /* Base */ = {isa = PBXFileReference; lastKnownFileType = file.storyboard; name = Base; path = Base.lproj/LaunchScreen.storyboard; sourceTree = "<group>"; };
		B4E223072620CA5B00EF707E /* Info.plist */ = {isa = PBXFileReference; lastKnownFileType = text.plist.xml; path = Info.plist; sourceTree = "<group>"; };
		B4E223112620CC2100EF707E /* HomeController.swift */ = {isa = PBXFileReference; lastKnownFileType = sourcecode.swift; path = HomeController.swift; sourceTree = "<group>"; };
		B4E223142620CC8500EF707E /* VideoCell.swift */ = {isa = PBXFileReference; lastKnownFileType = sourcecode.swift; path = VideoCell.swift; sourceTree = "<group>"; };
/* End PBXFileReference section */

/* Begin PBXFrameworksBuildPhase section */
		B4E222F32620CA5900EF707E /* Frameworks */ = {
			isa = PBXFrameworksBuildPhase;
			buildActionMask = 2147483647;
			files = (
			);
			runOnlyForDeploymentPostprocessing = 0;
		};
/* End PBXFrameworksBuildPhase section */

/* Begin PBXGroup section */
		B41401E92625856400F3B3BB /* Models */ = {
			isa = PBXGroup;
			children = (
				B41401EA2625857000F3B3BB /* Video.swift */,
				B41401ED2625861000F3B3BB /* Channel.swift */,
			);
			path = Models;
			sourceTree = "<group>";
		};
		B4A5DC902624D2BA00D88B93 /* Controllers */ = {
			isa = PBXGroup;
			children = (
				B4E223112620CC2100EF707E /* HomeController.swift */,
			);
			path = Controllers;
			sourceTree = "<group>";
		};
		B4A5DC912624D2C700D88B93 /* Views */ = {
			isa = PBXGroup;
			children = (
				B41401E226256F5900F3B3BB /* BaseCell.swift */,
				B4E223142620CC8500EF707E /* VideoCell.swift */,
				B41401E62625726600F3B3BB /* MenuCell.swift */,
				B41401DF26256C0600F3B3BB /* MenuBar.swift */,
			);
			path = Views;
			sourceTree = "<group>";
		};
		B4A5DC962624D2DB00D88B93 /* Helpers */ = {
			isa = PBXGroup;
			children = (
				B4A5DC932624D2D700D88B93 /* Extensions.swift */,
			);
			path = Helpers;
			sourceTree = "<group>";
		};
		B4E222ED2620CA5900EF707E = {
			isa = PBXGroup;
			children = (
				B438A75E2620E136001135EA /* README.md */,
				B4E222F82620CA5900EF707E /* YouTube */,
				B4E222F72620CA5900EF707E /* Products */,
			);
			sourceTree = "<group>";
		};
		B4E222F72620CA5900EF707E /* Products */ = {
			isa = PBXGroup;
			children = (
				B4E222F62620CA5900EF707E /* YouTube.app */,
			);
			name = Products;
			sourceTree = "<group>";
		};
		B4E222F82620CA5900EF707E /* YouTube */ = {
			isa = PBXGroup;
			children = (
				B4E222F92620CA5900EF707E /* AppDelegate.swift */,
				B4E222FB2620CA5900EF707E /* SceneDelegate.swift */,
				B41401E92625856400F3B3BB /* Models */,
				B4A5DC912624D2C700D88B93 /* Views */,
				B4A5DC902624D2BA00D88B93 /* Controllers */,
				B4A5DC962624D2DB00D88B93 /* Helpers */,
				B4E223022620CA5B00EF707E /* Assets.xcassets */,
				B4E223042620CA5B00EF707E /* LaunchScreen.storyboard */,
				B4E223072620CA5B00EF707E /* Info.plist */,
			);
			path = YouTube;
			sourceTree = "<group>";
		};
/* End PBXGroup section */

/* Begin PBXNativeTarget section */
		B4E222F52620CA5900EF707E /* YouTube */ = {
			isa = PBXNativeTarget;
			buildConfigurationList = B4E2230A2620CA5B00EF707E /* Build configuration list for PBXNativeTarget "YouTube" */;
			buildPhases = (
				B4E222F22620CA5900EF707E /* Sources */,
				B4E222F32620CA5900EF707E /* Frameworks */,
				B4E222F42620CA5900EF707E /* Resources */,
			);
			buildRules = (
			);
			dependencies = (
			);
			name = YouTube;
			productName = YouTube;
			productReference = B4E222F62620CA5900EF707E /* YouTube.app */;
			productType = "com.apple.product-type.application";
		};
/* End PBXNativeTarget section */

/* Begin PBXProject section */
		B4E222EE2620CA5900EF707E /* Project object */ = {
			isa = PBXProject;
			attributes = {
				LastSwiftUpdateCheck = 1240;
				LastUpgradeCheck = 1240;
				TargetAttributes = {
					B4E222F52620CA5900EF707E = {
						CreatedOnToolsVersion = 12.4;
					};
				};
			};
			buildConfigurationList = B4E222F12620CA5900EF707E /* Build configuration list for PBXProject "YouTube" */;
			compatibilityVersion = "Xcode 9.3";
			developmentRegion = en;
			hasScannedForEncodings = 0;
			knownRegions = (
				en,
				Base,
			);
			mainGroup = B4E222ED2620CA5900EF707E;
			productRefGroup = B4E222F72620CA5900EF707E /* Products */;
			projectDirPath = "";
			projectRoot = "";
			targets = (
				B4E222F52620CA5900EF707E /* YouTube */,
			);
		};
/* End PBXProject section */

/* Begin PBXResourcesBuildPhase section */
		B4E222F42620CA5900EF707E /* Resources */ = {
			isa = PBXResourcesBuildPhase;
			buildActionMask = 2147483647;
			files = (
				B438A75F2620E136001135EA /* README.md in Resources */,
				B4E223062620CA5B00EF707E /* LaunchScreen.storyboard in Resources */,
				B4E223032620CA5B00EF707E /* Assets.xcassets in Resources */,
			);
			runOnlyForDeploymentPostprocessing = 0;
		};
/* End PBXResourcesBuildPhase section */

/* Begin PBXSourcesBuildPhase section */
		B4E222F22620CA5900EF707E /* Sources */ = {
			isa = PBXSourcesBuildPhase;
			buildActionMask = 2147483647;
			files = (
				B4A5DC942624D2D700D88B93 /* Extensions.swift in Sources */,
				B41401EE2625861000F3B3BB /* Channel.swift in Sources */,
				B4E222FA2620CA5900EF707E /* AppDelegate.swift in Sources */,
				B41401E026256C0600F3B3BB /* MenuBar.swift in Sources */,
				B4E223152620CC8500EF707E /* VideoCell.swift in Sources */,
				B41401EB2625857000F3B3BB /* Video.swift in Sources */,
				B41401E326256F5900F3B3BB /* BaseCell.swift in Sources */,
				B4E222FC2620CA5900EF707E /* SceneDelegate.swift in Sources */,
				B41401E72625726600F3B3BB /* MenuCell.swift in Sources */,
				B4E223122620CC2100EF707E /* HomeController.swift in Sources */,
			);
			runOnlyForDeploymentPostprocessing = 0;
		};
/* End PBXSourcesBuildPhase section */

/* Begin PBXVariantGroup section */
		B4E223042620CA5B00EF707E /* LaunchScreen.storyboard */ = {
			isa = PBXVariantGroup;
			children = (
				B4E223052620CA5B00EF707E /* Base */,
			);
			name = LaunchScreen.storyboard;
			sourceTree = "<group>";
		};
/* End PBXVariantGroup section */

/* Begin XCBuildConfiguration section */
		B4E223082620CA5B00EF707E /* Debug */ = {
			isa = XCBuildConfiguration;
			buildSettings = {
				ALWAYS_SEARCH_USER_PATHS = NO;
				CLANG_ANALYZER_NONNULL = YES;
				CLANG_ANALYZER_NUMBER_OBJECT_CONVERSION = YES_AGGRESSIVE;
				CLANG_CXX_LANGUAGE_STANDARD = "gnu++14";
				CLANG_CXX_LIBRARY = "libc++";
				CLANG_ENABLE_MODULES = YES;
				CLANG_ENABLE_OBJC_ARC = YES;
				CLANG_ENABLE_OBJC_WEAK = YES;
				CLANG_WARN_BLOCK_CAPTURE_AUTORELEASING = YES;
				CLANG_WARN_BOOL_CONVERSION = YES;
				CLANG_WARN_COMMA = YES;
				CLANG_WARN_CONSTANT_CONVERSION = YES;
				CLANG_WARN_DEPRECATED_OBJC_IMPLEMENTATIONS = YES;
				CLANG_WARN_DIRECT_OBJC_ISA_USAGE = YES_ERROR;
				CLANG_WARN_DOCUMENTATION_COMMENTS = YES;
				CLANG_WARN_EMPTY_BODY = YES;
				CLANG_WARN_ENUM_CONVERSION = YES;
				CLANG_WARN_INFINITE_RECURSION = YES;
				CLANG_WARN_INT_CONVERSION = YES;
				CLANG_WARN_NON_LITERAL_NULL_CONVERSION = YES;
				CLANG_WARN_OBJC_IMPLICIT_RETAIN_SELF = YES;
				CLANG_WARN_OBJC_LITERAL_CONVERSION = YES;
				CLANG_WARN_OBJC_ROOT_CLASS = YES_ERROR;
				CLANG_WARN_QUOTED_INCLUDE_IN_FRAMEWORK_HEADER = YES;
				CLANG_WARN_RANGE_LOOP_ANALYSIS = YES;
				CLANG_WARN_STRICT_PROTOTYPES = YES;
				CLANG_WARN_SUSPICIOUS_MOVE = YES;
				CLANG_WARN_UNGUARDED_AVAILABILITY = YES_AGGRESSIVE;
				CLANG_WARN_UNREACHABLE_CODE = YES;
				CLANG_WARN__DUPLICATE_METHOD_MATCH = YES;
				COPY_PHASE_STRIP = NO;
				DEBUG_INFORMATION_FORMAT = dwarf;
				ENABLE_STRICT_OBJC_MSGSEND = YES;
				ENABLE_TESTABILITY = YES;
				GCC_C_LANGUAGE_STANDARD = gnu11;
				GCC_DYNAMIC_NO_PIC = NO;
				GCC_NO_COMMON_BLOCKS = YES;
				GCC_OPTIMIZATION_LEVEL = 0;
				GCC_PREPROCESSOR_DEFINITIONS = (
					"DEBUG=1",
					"$(inherited)",
				);
				GCC_WARN_64_TO_32_BIT_CONVERSION = YES;
				GCC_WARN_ABOUT_RETURN_TYPE = YES_ERROR;
				GCC_WARN_UNDECLARED_SELECTOR = YES;
				GCC_WARN_UNINITIALIZED_AUTOS = YES_AGGRESSIVE;
				GCC_WARN_UNUSED_FUNCTION = YES;
				GCC_WARN_UNUSED_VARIABLE = YES;
				IPHONEOS_DEPLOYMENT_TARGET = 14.4;
				MTL_ENABLE_DEBUG_INFO = INCLUDE_SOURCE;
				MTL_FAST_MATH = YES;
				ONLY_ACTIVE_ARCH = YES;
				SDKROOT = iphoneos;
				SWIFT_ACTIVE_COMPILATION_CONDITIONS = DEBUG;
				SWIFT_OPTIMIZATION_LEVEL = "-Onone";
			};
			name = Debug;
		};
		B4E223092620CA5B00EF707E /* Release */ = {
			isa = XCBuildConfiguration;
			buildSettings = {
				ALWAYS_SEARCH_USER_PATHS = NO;
				CLANG_ANALYZER_NONNULL = YES;
				CLANG_ANALYZER_NUMBER_OBJECT_CONVERSION = YES_AGGRESSIVE;
				CLANG_CXX_LANGUAGE_STANDARD = "gnu++14";
				CLANG_CXX_LIBRARY = "libc++";
				CLANG_ENABLE_MODULES = YES;
				CLANG_ENABLE_OBJC_ARC = YES;
				CLANG_ENABLE_OBJC_WEAK = YES;
				CLANG_WARN_BLOCK_CAPTURE_AUTORELEASING = YES;
				CLANG_WARN_BOOL_CONVERSION = YES;
				CLANG_WARN_COMMA = YES;
				CLANG_WARN_CONSTANT_CONVERSION = YES;
				CLANG_WARN_DEPRECATED_OBJC_IMPLEMENTATIONS = YES;
				CLANG_WARN_DIRECT_OBJC_ISA_USAGE = YES_ERROR;
				CLANG_WARN_DOCUMENTATION_COMMENTS = YES;
				CLANG_WARN_EMPTY_BODY = YES;
				CLANG_WARN_ENUM_CONVERSION = YES;
				CLANG_WARN_INFINITE_RECURSION = YES;
				CLANG_WARN_INT_CONVERSION = YES;
				CLANG_WARN_NON_LITERAL_NULL_CONVERSION = YES;
				CLANG_WARN_OBJC_IMPLICIT_RETAIN_SELF = YES;
				CLANG_WARN_OBJC_LITERAL_CONVERSION = YES;
				CLANG_WARN_OBJC_ROOT_CLASS = YES_ERROR;
				CLANG_WARN_QUOTED_INCLUDE_IN_FRAMEWORK_HEADER = YES;
				CLANG_WARN_RANGE_LOOP_ANALYSIS = YES;
				CLANG_WARN_STRICT_PROTOTYPES = YES;
				CLANG_WARN_SUSPICIOUS_MOVE = YES;
				CLANG_WARN_UNGUARDED_AVAILABILITY = YES_AGGRESSIVE;
				CLANG_WARN_UNREACHABLE_CODE = YES;
				CLANG_WARN__DUPLICATE_METHOD_MATCH = YES;
				COPY_PHASE_STRIP = NO;
				DEBUG_INFORMATION_FORMAT = "dwarf-with-dsym";
				ENABLE_NS_ASSERTIONS = NO;
				ENABLE_STRICT_OBJC_MSGSEND = YES;
				GCC_C_LANGUAGE_STANDARD = gnu11;
				GCC_NO_COMMON_BLOCKS = YES;
				GCC_WARN_64_TO_32_BIT_CONVERSION = YES;
				GCC_WARN_ABOUT_RETURN_TYPE = YES_ERROR;
				GCC_WARN_UNDECLARED_SELECTOR = YES;
				GCC_WARN_UNINITIALIZED_AUTOS = YES_AGGRESSIVE;
				GCC_WARN_UNUSED_FUNCTION = YES;
				GCC_WARN_UNUSED_VARIABLE = YES;
				IPHONEOS_DEPLOYMENT_TARGET = 14.4;
				MTL_ENABLE_DEBUG_INFO = NO;
				MTL_FAST_MATH = YES;
				SDKROOT = iphoneos;
				SWIFT_COMPILATION_MODE = wholemodule;
				SWIFT_OPTIMIZATION_LEVEL = "-O";
				VALIDATE_PRODUCT = YES;
			};
			name = Release;
		};
		B4E2230B2620CA5B00EF707E /* Debug */ = {
			isa = XCBuildConfiguration;
			buildSettings = {
				ASSETCATALOG_COMPILER_APPICON_NAME = AppIcon;
				ASSETCATALOG_COMPILER_GLOBAL_ACCENT_COLOR_NAME = AccentColor;
				CODE_SIGN_STYLE = Automatic;
				DEVELOPMENT_TEAM = 4YZDJM5F99;
				INFOPLIST_FILE = YouTube/Info.plist;
				LD_RUNPATH_SEARCH_PATHS = (
					"$(inherited)",
					"@executable_path/Frameworks",
				);
				PRODUCT_BUNDLE_IDENTIFIER = com.nishanttaneja.YouTube;
				PRODUCT_NAME = "$(TARGET_NAME)";
				SWIFT_VERSION = 5.0;
				TARGETED_DEVICE_FAMILY = 1;
			};
			name = Debug;
		};
		B4E2230C2620CA5B00EF707E /* Release */ = {
			isa = XCBuildConfiguration;
			buildSettings = {
				ASSETCATALOG_COMPILER_APPICON_NAME = AppIcon;
				ASSETCATALOG_COMPILER_GLOBAL_ACCENT_COLOR_NAME = AccentColor;
				CODE_SIGN_STYLE = Automatic;
				DEVELOPMENT_TEAM = 4YZDJM5F99;
				INFOPLIST_FILE = YouTube/Info.plist;
				LD_RUNPATH_SEARCH_PATHS = (
					"$(inherited)",
					"@executable_path/Frameworks",
				);
				PRODUCT_BUNDLE_IDENTIFIER = com.nishanttaneja.YouTube;
				PRODUCT_NAME = "$(TARGET_NAME)";
				SWIFT_VERSION = 5.0;
				TARGETED_DEVICE_FAMILY = 1;
			};
			name = Release;
		};
/* End XCBuildConfiguration section */

/* Begin XCConfigurationList section */
		B4E222F12620CA5900EF707E /* Build configuration list for PBXProject "YouTube" */ = {
			isa = XCConfigurationList;
			buildConfigurations = (
				B4E223082620CA5B00EF707E /* Debug */,
				B4E223092620CA5B00EF707E /* Release */,
			);
			defaultConfigurationIsVisible = 0;
			defaultConfigurationName = Release;
		};
		B4E2230A2620CA5B00EF707E /* Build configuration list for PBXNativeTarget "YouTube" */ = {
			isa = XCConfigurationList;
			buildConfigurations = (
				B4E2230B2620CA5B00EF707E /* Debug */,
				B4E2230C2620CA5B00EF707E /* Release */,
			);
			defaultConfigurationIsVisible = 0;
			defaultConfigurationName = Release;
		};
/* End XCConfigurationList section */
	};
	rootObject = B4E222EE2620CA5900EF707E /* Project object */;
}
